// !$*UTF8*$!
{
	archiveVersion = 1;
	classes = {
	};
	objectVersion = 56;
	objects = {

/* Begin PBXBuildFile section */
		8B18D4282C047FC700EA3F6B /* Article.swift in Sources */ = {isa = PBXBuildFile; fileRef = 8B18D4272C047FC700EA3F6B /* Article.swift */; };
		8B18D4292C047FC700EA3F6B /* Article.swift in Sources */ = {isa = PBXBuildFile; fileRef = 8B18D4272C047FC700EA3F6B /* Article.swift */; };
		8B18D42B2C048B1A00EA3F6B /* SafariView.swift in Sources */ = {isa = PBXBuildFile; fileRef = 8B18D42A2C048B1A00EA3F6B /* SafariView.swift */; };
		8B18D42C2C048B1A00EA3F6B /* SafariView.swift in Sources */ = {isa = PBXBuildFile; fileRef = 8B18D42A2C048B1A00EA3F6B /* SafariView.swift */; };
		8B6956842C0CADA40003F573 /* MockAPIRepository.swift in Sources */ = {isa = PBXBuildFile; fileRef = 8BF327012C0A149800C576AA /* MockAPIRepository.swift */; };
		8B6956852C0CADA50003F573 /* MockAPIRepository.swift in Sources */ = {isa = PBXBuildFile; fileRef = 8BF327012C0A149800C576AA /* MockAPIRepository.swift */; };
		8B6956892C0CB0BA0003F573 /* Article.swift in Sources */ = {isa = PBXBuildFile; fileRef = 8B18D4272C047FC700EA3F6B /* Article.swift */; };
		8B69568A2C0CB0C30003F573 /* APIRepositoryProtocol.swift in Sources */ = {isa = PBXBuildFile; fileRef = 8BE70CB82C0476CB00D6E18F /* APIRepositoryProtocol.swift */; };
		8B69568B2C0CB0C80003F573 /* APIRepository.swift in Sources */ = {isa = PBXBuildFile; fileRef = 8BE70CB12C0435AB00D6E18F /* APIRepository.swift */; };
		8BE70C762C04320000D6E18F /* ArticleSearcherApp.swift in Sources */ = {isa = PBXBuildFile; fileRef = 8BE70C752C04320000D6E18F /* ArticleSearcherApp.swift */; };
		8BE70C782C04320000D6E18F /* HomeView.swift in Sources */ = {isa = PBXBuildFile; fileRef = 8BE70C772C04320000D6E18F /* HomeView.swift */; };
		8BE70C7A2C04320100D6E18F /* Assets.xcassets in Resources */ = {isa = PBXBuildFile; fileRef = 8BE70C792C04320100D6E18F /* Assets.xcassets */; };
		8BE70C7D2C04320100D6E18F /* Preview Assets.xcassets in Resources */ = {isa = PBXBuildFile; fileRef = 8BE70C7C2C04320100D6E18F /* Preview Assets.xcassets */; };
		8BE70C872C04320200D6E18F /* ArticleSearcherTests.swift in Sources */ = {isa = PBXBuildFile; fileRef = 8BE70C862C04320200D6E18F /* ArticleSearcherTests.swift */; };
		8BE70C912C04320200D6E18F /* ArticleSearcherUITests.swift in Sources */ = {isa = PBXBuildFile; fileRef = 8BE70C902C04320200D6E18F /* ArticleSearcherUITests.swift */; };
		8BE70CA32C04331100D6E18F /* ArticleListView.swift in Sources */ = {isa = PBXBuildFile; fileRef = 8BE70CA22C04331100D6E18F /* ArticleListView.swift */; };
		8BE70CA62C04332400D6E18F /* ListRow.swift in Sources */ = {isa = PBXBuildFile; fileRef = 8BE70CA52C04332400D6E18F /* ListRow.swift */; };
		8BE70CA82C04333600D6E18F /* ViewFlow.swift in Sources */ = {isa = PBXBuildFile; fileRef = 8BE70CA72C04333600D6E18F /* ViewFlow.swift */; };
		8BE70CAB2C04355900D6E18F /* ArticleConfig.swift in Sources */ = {isa = PBXBuildFile; fileRef = 8BE70CAA2C04355900D6E18F /* ArticleConfig.swift */; };
		8BE70CAE2C04358600D6E18F /* APIError.swift in Sources */ = {isa = PBXBuildFile; fileRef = 8BE70CAD2C04358600D6E18F /* APIError.swift */; };
		8BE70CB22C0435AB00D6E18F /* APIRepository.swift in Sources */ = {isa = PBXBuildFile; fileRef = 8BE70CB12C0435AB00D6E18F /* APIRepository.swift */; };
		8BE70CB92C0476CB00D6E18F /* APIRepositoryProtocol.swift in Sources */ = {isa = PBXBuildFile; fileRef = 8BE70CB82C0476CB00D6E18F /* APIRepositoryProtocol.swift */; };
		8BE70CBA2C0476CB00D6E18F /* APIRepositoryProtocol.swift in Sources */ = {isa = PBXBuildFile; fileRef = 8BE70CB82C0476CB00D6E18F /* APIRepositoryProtocol.swift */; };
		8BF327002C0A147A00C576AA /* ArticleConfig.swift in Sources */ = {isa = PBXBuildFile; fileRef = 8BE70CAA2C04355900D6E18F /* ArticleConfig.swift */; };
		8BF327022C0A149800C576AA /* MockAPIRepository.swift in Sources */ = {isa = PBXBuildFile; fileRef = 8BF327012C0A149800C576AA /* MockAPIRepository.swift */; };
		8BF327032C0A158800C576AA /* APIError.swift in Sources */ = {isa = PBXBuildFile; fileRef = 8BE70CAD2C04358600D6E18F /* APIError.swift */; };
		8BF327042C0A158900C576AA /* APIError.swift in Sources */ = {isa = PBXBuildFile; fileRef = 8BE70CAD2C04358600D6E18F /* APIError.swift */; };
		8BF327052C0A195600C576AA /* ViewFlow.swift in Sources */ = {isa = PBXBuildFile; fileRef = 8BE70CA72C04333600D6E18F /* ViewFlow.swift */; };
		8BF327062C0A197B00C576AA /* APIRepository.swift in Sources */ = {isa = PBXBuildFile; fileRef = 8BE70CB12C0435AB00D6E18F /* APIRepository.swift */; };
/* End PBXBuildFile section */

/* Begin PBXContainerItemProxy section */
		8BE70C832C04320200D6E18F /* PBXContainerItemProxy */ = {
			isa = PBXContainerItemProxy;
			containerPortal = 8BE70C6A2C04320000D6E18F /* Project object */;
			proxyType = 1;
			remoteGlobalIDString = 8BE70C712C04320000D6E18F;
			remoteInfo = ArticleSearcher;
		};
		8BE70C8D2C04320200D6E18F /* PBXContainerItemProxy */ = {
			isa = PBXContainerItemProxy;
			containerPortal = 8BE70C6A2C04320000D6E18F /* Project object */;
			proxyType = 1;
			remoteGlobalIDString = 8BE70C712C04320000D6E18F;
			remoteInfo = ArticleSearcher;
		};
/* End PBXContainerItemProxy section */

/* Begin PBXFileReference section */
		8B18D4272C047FC700EA3F6B /* Article.swift */ = {isa = PBXFileReference; lastKnownFileType = sourcecode.swift; path = Article.swift; sourceTree = "<group>"; };
		8B18D42A2C048B1A00EA3F6B /* SafariView.swift */ = {isa = PBXFileReference; lastKnownFileType = sourcecode.swift; path = SafariView.swift; sourceTree = "<group>"; };
		8BE70C722C04320000D6E18F /* ArticleSearcher.app */ = {isa = PBXFileReference; explicitFileType = wrapper.application; includeInIndex = 0; path = ArticleSearcher.app; sourceTree = BUILT_PRODUCTS_DIR; };
		8BE70C752C04320000D6E18F /* ArticleSearcherApp.swift */ = {isa = PBXFileReference; lastKnownFileType = sourcecode.swift; path = ArticleSearcherApp.swift; sourceTree = "<group>"; };
		8BE70C772C04320000D6E18F /* HomeView.swift */ = {isa = PBXFileReference; lastKnownFileType = sourcecode.swift; path = HomeView.swift; sourceTree = "<group>"; };
		8BE70C792C04320100D6E18F /* Assets.xcassets */ = {isa = PBXFileReference; lastKnownFileType = folder.assetcatalog; path = Assets.xcassets; sourceTree = "<group>"; };
		8BE70C7C2C04320100D6E18F /* Preview Assets.xcassets */ = {isa = PBXFileReference; lastKnownFileType = folder.assetcatalog; path = "Preview Assets.xcassets"; sourceTree = "<group>"; };
		8BE70C822C04320200D6E18F /* ArticleSearcherTests.xctest */ = {isa = PBXFileReference; explicitFileType = wrapper.cfbundle; includeInIndex = 0; path = ArticleSearcherTests.xctest; sourceTree = BUILT_PRODUCTS_DIR; };
		8BE70C862C04320200D6E18F /* ArticleSearcherTests.swift */ = {isa = PBXFileReference; lastKnownFileType = sourcecode.swift; path = ArticleSearcherTests.swift; sourceTree = "<group>"; };
		8BE70C8C2C04320200D6E18F /* ArticleSearcherUITests.xctest */ = {isa = PBXFileReference; explicitFileType = wrapper.cfbundle; includeInIndex = 0; path = ArticleSearcherUITests.xctest; sourceTree = BUILT_PRODUCTS_DIR; };
		8BE70C902C04320200D6E18F /* ArticleSearcherUITests.swift */ = {isa = PBXFileReference; lastKnownFileType = sourcecode.swift; path = ArticleSearcherUITests.swift; sourceTree = "<group>"; };
		8BE70CA22C04331100D6E18F /* ArticleListView.swift */ = {isa = PBXFileReference; lastKnownFileType = sourcecode.swift; path = ArticleListView.swift; sourceTree = "<group>"; };
		8BE70CA52C04332400D6E18F /* ListRow.swift */ = {isa = PBXFileReference; lastKnownFileType = sourcecode.swift; path = ListRow.swift; sourceTree = "<group>"; };
		8BE70CA72C04333600D6E18F /* ViewFlow.swift */ = {isa = PBXFileReference; lastKnownFileType = sourcecode.swift; path = ViewFlow.swift; sourceTree = "<group>"; };
		8BE70CAA2C04355900D6E18F /* ArticleConfig.swift */ = {isa = PBXFileReference; lastKnownFileType = sourcecode.swift; path = ArticleConfig.swift; sourceTree = "<group>"; };
		8BE70CAD2C04358600D6E18F /* APIError.swift */ = {isa = PBXFileReference; lastKnownFileType = sourcecode.swift; path = APIError.swift; sourceTree = "<group>"; };
		8BE70CB12C0435AB00D6E18F /* APIRepository.swift */ = {isa = PBXFileReference; lastKnownFileType = sourcecode.swift; path = APIRepository.swift; sourceTree = "<group>"; };
		8BE70CB82C0476CB00D6E18F /* APIRepositoryProtocol.swift */ = {isa = PBXFileReference; lastKnownFileType = sourcecode.swift; path = APIRepositoryProtocol.swift; sourceTree = "<group>"; };
		8BF327012C0A149800C576AA /* MockAPIRepository.swift */ = {isa = PBXFileReference; lastKnownFileType = sourcecode.swift; path = MockAPIRepository.swift; sourceTree = "<group>"; };
/* End PBXFileReference section */

/* Begin PBXFrameworksBuildPhase section */
		8BE70C6F2C04320000D6E18F /* Frameworks */ = {
			isa = PBXFrameworksBuildPhase;
			buildActionMask = 2147483647;
			files = (
			);
			runOnlyForDeploymentPostprocessing = 0;
		};
		8BE70C7F2C04320200D6E18F /* Frameworks */ = {
			isa = PBXFrameworksBuildPhase;
			buildActionMask = 2147483647;
			files = (
			);
			runOnlyForDeploymentPostprocessing = 0;
		};
		8BE70C892C04320200D6E18F /* Frameworks */ = {
			isa = PBXFrameworksBuildPhase;
			buildActionMask = 2147483647;
			files = (
			);
			runOnlyForDeploymentPostprocessing = 0;
		};
/* End PBXFrameworksBuildPhase section */

/* Begin PBXGroup section */
		8BE70C692C04320000D6E18F = {
			isa = PBXGroup;
			children = (
				8BE70C742C04320000D6E18F /* ArticleSearcher */,
				8BE70C852C04320200D6E18F /* ArticleSearcherTests */,
				8BE70C8F2C04320200D6E18F /* ArticleSearcherUITests */,
				8BE70C732C04320000D6E18F /* Products */,
			);
			sourceTree = "<group>";
		};
		8BE70C732C04320000D6E18F /* Products */ = {
			isa = PBXGroup;
			children = (
				8BE70C722C04320000D6E18F /* ArticleSearcher.app */,
				8BE70C822C04320200D6E18F /* ArticleSearcherTests.xctest */,
				8BE70C8C2C04320200D6E18F /* ArticleSearcherUITests.xctest */,
			);
			name = Products;
			sourceTree = "<group>";
		};
		8BE70C742C04320000D6E18F /* ArticleSearcher */ = {
			isa = PBXGroup;
			children = (
				8BE70C752C04320000D6E18F /* ArticleSearcherApp.swift */,
				8BE70CAC2C04357300D6E18F /* Repository */,
				8BE70CA12C0432D300D6E18F /* Error */,
				8BE70C9F2C0432BD00D6E18F /* View */,
				8BE70C7B2C04320100D6E18F /* Preview Content */,
			);
			path = ArticleSearcher;
			sourceTree = "<group>";
		};
		8BE70C7B2C04320100D6E18F /* Preview Content */ = {
			isa = PBXGroup;
			children = (
				8BE70C792C04320100D6E18F /* Assets.xcassets */,
				8BE70C7C2C04320100D6E18F /* Preview Assets.xcassets */,
			);
			path = "Preview Content";
			sourceTree = "<group>";
		};
		8BE70C852C04320200D6E18F /* ArticleSearcherTests */ = {
			isa = PBXGroup;
			children = (
				8BE70C862C04320200D6E18F /* ArticleSearcherTests.swift */,
				8BF327012C0A149800C576AA /* MockAPIRepository.swift */,
			);
			path = ArticleSearcherTests;
			sourceTree = "<group>";
		};
		8BE70C8F2C04320200D6E18F /* ArticleSearcherUITests */ = {
			isa = PBXGroup;
			children = (
				8BE70C902C04320200D6E18F /* ArticleSearcherUITests.swift */,
			);
			path = ArticleSearcherUITests;
			sourceTree = "<group>";
		};
		8BE70C9F2C0432BD00D6E18F /* View */ = {
			isa = PBXGroup;
			children = (
				8B18D42A2C048B1A00EA3F6B /* SafariView.swift */,
				8BE70CA72C04333600D6E18F /* ViewFlow.swift */,
				8BE70CAA2C04355900D6E18F /* ArticleConfig.swift */,
				8BE70C772C04320000D6E18F /* HomeView.swift */,
				8BE70CA42C04331600D6E18F /* List */,
			);
			path = View;
			sourceTree = "<group>";
		};
		8BE70CA12C0432D300D6E18F /* Error */ = {
			isa = PBXGroup;
			children = (
				8BE70CAD2C04358600D6E18F /* APIError.swift */,
			);
			path = Error;
			sourceTree = "<group>";
		};
		8BE70CA42C04331600D6E18F /* List */ = {
			isa = PBXGroup;
			children = (
				8BE70CA22C04331100D6E18F /* ArticleListView.swift */,
				8BE70CA52C04332400D6E18F /* ListRow.swift */,
			);
			path = List;
			sourceTree = "<group>";
		};
		8BE70CAC2C04357300D6E18F /* Repository */ = {
			isa = PBXGroup;
			children = (
				8BE70CB82C0476CB00D6E18F /* APIRepositoryProtocol.swift */,
				8BE70CB12C0435AB00D6E18F /* APIRepository.swift */,
				8B18D4272C047FC700EA3F6B /* Article.swift */,
			);
			path = Repository;
			sourceTree = "<group>";
		};
/* End PBXGroup section */

/* Begin PBXNativeTarget section */
		8BE70C712C04320000D6E18F /* ArticleSearcher */ = {
			isa = PBXNativeTarget;
			buildConfigurationList = 8BE70C962C04320200D6E18F /* Build configuration list for PBXNativeTarget "ArticleSearcher" */;
			buildPhases = (
				8BE70C6E2C04320000D6E18F /* Sources */,
				8BE70C6F2C04320000D6E18F /* Frameworks */,
				8BE70C702C04320000D6E18F /* Resources */,
			);
			buildRules = (
			);
			dependencies = (
			);
			name = ArticleSearcher;
			productName = ArticleSearcher;
			productReference = 8BE70C722C04320000D6E18F /* ArticleSearcher.app */;
			productType = "com.apple.product-type.application";
		};
		8BE70C812C04320200D6E18F /* ArticleSearcherTests */ = {
			isa = PBXNativeTarget;
			buildConfigurationList = 8BE70C992C04320200D6E18F /* Build configuration list for PBXNativeTarget "ArticleSearcherTests" */;
			buildPhases = (
				8BE70C7E2C04320200D6E18F /* Sources */,
				8BE70C7F2C04320200D6E18F /* Frameworks */,
				8BE70C802C04320200D6E18F /* Resources */,
			);
			buildRules = (
			);
			dependencies = (
				8BE70C842C04320200D6E18F /* PBXTargetDependency */,
			);
			name = ArticleSearcherTests;
			productName = ArticleSearcherTests;
			productReference = 8BE70C822C04320200D6E18F /* ArticleSearcherTests.xctest */;
			productType = "com.apple.product-type.bundle.unit-test";
		};
		8BE70C8B2C04320200D6E18F /* ArticleSearcherUITests */ = {
			isa = PBXNativeTarget;
			buildConfigurationList = 8BE70C9C2C04320200D6E18F /* Build configuration list for PBXNativeTarget "ArticleSearcherUITests" */;
			buildPhases = (
				8BE70C882C04320200D6E18F /* Sources */,
				8BE70C892C04320200D6E18F /* Frameworks */,
				8BE70C8A2C04320200D6E18F /* Resources */,
			);
			buildRules = (
			);
			dependencies = (
				8BE70C8E2C04320200D6E18F /* PBXTargetDependency */,
			);
			name = ArticleSearcherUITests;
			productName = ArticleSearcherUITests;
			productReference = 8BE70C8C2C04320200D6E18F /* ArticleSearcherUITests.xctest */;
			productType = "com.apple.product-type.bundle.ui-testing";
		};
/* End PBXNativeTarget section */

/* Begin PBXProject section */
		8BE70C6A2C04320000D6E18F /* Project object */ = {
			isa = PBXProject;
			attributes = {
				BuildIndependentTargetsInParallel = 1;
				LastSwiftUpdateCheck = 1530;
				LastUpgradeCheck = 1530;
				TargetAttributes = {
					8BE70C712C04320000D6E18F = {
						CreatedOnToolsVersion = 15.3;
					};
					8BE70C812C04320200D6E18F = {
						CreatedOnToolsVersion = 15.3;
						TestTargetID = 8BE70C712C04320000D6E18F;
					};
					8BE70C8B2C04320200D6E18F = {
						CreatedOnToolsVersion = 15.3;
						TestTargetID = 8BE70C712C04320000D6E18F;
					};
				};
			};
			buildConfigurationList = 8BE70C6D2C04320000D6E18F /* Build configuration list for PBXProject "ArticleSearcher" */;
			compatibilityVersion = "Xcode 14.0";
			developmentRegion = en;
			hasScannedForEncodings = 0;
			knownRegions = (
				en,
				Base,
			);
			mainGroup = 8BE70C692C04320000D6E18F;
			productRefGroup = 8BE70C732C04320000D6E18F /* Products */;
			projectDirPath = "";
			projectRoot = "";
			targets = (
				8BE70C712C04320000D6E18F /* ArticleSearcher */,
				8BE70C812C04320200D6E18F /* ArticleSearcherTests */,
				8BE70C8B2C04320200D6E18F /* ArticleSearcherUITests */,
			);
		};
/* End PBXProject section */

/* Begin PBXResourcesBuildPhase section */
		8BE70C702C04320000D6E18F /* Resources */ = {
			isa = PBXResourcesBuildPhase;
			buildActionMask = 2147483647;
			files = (
				8BE70C7D2C04320100D6E18F /* Preview Assets.xcassets in Resources */,
				8BE70C7A2C04320100D6E18F /* Assets.xcassets in Resources */,
			);
			runOnlyForDeploymentPostprocessing = 0;
		};
		8BE70C802C04320200D6E18F /* Resources */ = {
			isa = PBXResourcesBuildPhase;
			buildActionMask = 2147483647;
			files = (
			);
			runOnlyForDeploymentPostprocessing = 0;
		};
		8BE70C8A2C04320200D6E18F /* Resources */ = {
			isa = PBXResourcesBuildPhase;
			buildActionMask = 2147483647;
			files = (
			);
			runOnlyForDeploymentPostprocessing = 0;
		};
/* End PBXResourcesBuildPhase section */

/* Begin PBXSourcesBuildPhase section */
		8BE70C6E2C04320000D6E18F /* Sources */ = {
			isa = PBXSourcesBuildPhase;
			buildActionMask = 2147483647;
			files = (
				8BE70CA62C04332400D6E18F /* ListRow.swift in Sources */,
				8B18D42B2C048B1A00EA3F6B /* SafariView.swift in Sources */,
				8B6956842C0CADA40003F573 /* MockAPIRepository.swift in Sources */,
				8BE70C782C04320000D6E18F /* HomeView.swift in Sources */,
				8BE70CAB2C04355900D6E18F /* ArticleConfig.swift in Sources */,
				8BE70CB92C0476CB00D6E18F /* APIRepositoryProtocol.swift in Sources */,
				8B18D4282C047FC700EA3F6B /* Article.swift in Sources */,
				8BE70CB22C0435AB00D6E18F /* APIRepository.swift in Sources */,
				8BE70CA82C04333600D6E18F /* ViewFlow.swift in Sources */,
				8BE70CA32C04331100D6E18F /* ArticleListView.swift in Sources */,
				8BE70CAE2C04358600D6E18F /* APIError.swift in Sources */,
				8BE70C762C04320000D6E18F /* ArticleSearcherApp.swift in Sources */,
			);
			runOnlyForDeploymentPostprocessing = 0;
		};
		8BE70C7E2C04320200D6E18F /* Sources */ = {
			isa = PBXSourcesBuildPhase;
			buildActionMask = 2147483647;
			files = (
				8B18D42C2C048B1A00EA3F6B /* SafariView.swift in Sources */,
				8BE70C872C04320200D6E18F /* ArticleSearcherTests.swift in Sources */,
				8BF327022C0A149800C576AA /* MockAPIRepository.swift in Sources */,
				8BF327002C0A147A00C576AA /* ArticleConfig.swift in Sources */,
				8BF327052C0A195600C576AA /* ViewFlow.swift in Sources */,
				8BE70CBA2C0476CB00D6E18F /* APIRepositoryProtocol.swift in Sources */,
				8B18D4292C047FC700EA3F6B /* Article.swift in Sources */,
				8BF327032C0A158800C576AA /* APIError.swift in Sources */,
				8BF327062C0A197B00C576AA /* APIRepository.swift in Sources */,
			);
			runOnlyForDeploymentPostprocessing = 0;
		};
		8BE70C882C04320200D6E18F /* Sources */ = {
			isa = PBXSourcesBuildPhase;
			buildActionMask = 2147483647;
			files = (
				8B69568A2C0CB0C30003F573 /* APIRepositoryProtocol.swift in Sources */,
				8BF327042C0A158900C576AA /* APIError.swift in Sources */,
				8B69568B2C0CB0C80003F573 /* APIRepository.swift in Sources */,
				8B6956852C0CADA50003F573 /* MockAPIRepository.swift in Sources */,
				8BE70C912C04320200D6E18F /* ArticleSearcherUITests.swift in Sources */,
				8B6956892C0CB0BA0003F573 /* Article.swift in Sources */,
			);
			runOnlyForDeploymentPostprocessing = 0;
		};
/* End PBXSourcesBuildPhase section */

/* Begin PBXTargetDependency section */
		8BE70C842C04320200D6E18F /* PBXTargetDependency */ = {
			isa = PBXTargetDependency;
			target = 8BE70C712C04320000D6E18F /* ArticleSearcher */;
			targetProxy = 8BE70C832C04320200D6E18F /* PBXContainerItemProxy */;
		};
		8BE70C8E2C04320200D6E18F /* PBXTargetDependency */ = {
			isa = PBXTargetDependency;
			target = 8BE70C712C04320000D6E18F /* ArticleSearcher */;
			targetProxy = 8BE70C8D2C04320200D6E18F /* PBXContainerItemProxy */;
		};
/* End PBXTargetDependency section */

/* Begin XCBuildConfiguration section */
		8BE70C942C04320200D6E18F /* Debug */ = {
			isa = XCBuildConfiguration;
			buildSettings = {
				ALWAYS_SEARCH_USER_PATHS = NO;
				ASSETCATALOG_COMPILER_GENERATE_SWIFT_ASSET_SYMBOL_EXTENSIONS = YES;
				CLANG_ANALYZER_NONNULL = YES;
				CLANG_ANALYZER_NUMBER_OBJECT_CONVERSION = YES_AGGRESSIVE;
				CLANG_CXX_LANGUAGE_STANDARD = "gnu++20";
				CLANG_ENABLE_MODULES = YES;
				CLANG_ENABLE_OBJC_ARC = YES;
				CLANG_ENABLE_OBJC_WEAK = YES;
				CLANG_WARN_BLOCK_CAPTURE_AUTORELEASING = YES;
				CLANG_WARN_BOOL_CONVERSION = YES;
				CLANG_WARN_COMMA = YES;
				CLANG_WARN_CONSTANT_CONVERSION = YES;
				CLANG_WARN_DEPRECATED_OBJC_IMPLEMENTATIONS = YES;
				CLANG_WARN_DIRECT_OBJC_ISA_USAGE = YES_ERROR;
				CLANG_WARN_DOCUMENTATION_COMMENTS = YES;
				CLANG_WARN_EMPTY_BODY = YES;
				CLANG_WARN_ENUM_CONVERSION = YES;
				CLANG_WARN_INFINITE_RECURSION = YES;
				CLANG_WARN_INT_CONVERSION = YES;
				CLANG_WARN_NON_LITERAL_NULL_CONVERSION = YES;
				CLANG_WARN_OBJC_IMPLICIT_RETAIN_SELF = YES;
				CLANG_WARN_OBJC_LITERAL_CONVERSION = YES;
				CLANG_WARN_OBJC_ROOT_CLASS = YES_ERROR;
				CLANG_WARN_QUOTED_INCLUDE_IN_FRAMEWORK_HEADER = YES;
				CLANG_WARN_RANGE_LOOP_ANALYSIS = YES;
				CLANG_WARN_STRICT_PROTOTYPES = YES;
				CLANG_WARN_SUSPICIOUS_MOVE = YES;
				CLANG_WARN_UNGUARDED_AVAILABILITY = YES_AGGRESSIVE;
				CLANG_WARN_UNREACHABLE_CODE = YES;
				CLANG_WARN__DUPLICATE_METHOD_MATCH = YES;
				COPY_PHASE_STRIP = NO;
				DEBUG_INFORMATION_FORMAT = dwarf;
				ENABLE_STRICT_OBJC_MSGSEND = YES;
				ENABLE_TESTABILITY = YES;
				ENABLE_USER_SCRIPT_SANDBOXING = YES;
				GCC_C_LANGUAGE_STANDARD = gnu17;
				GCC_DYNAMIC_NO_PIC = NO;
				GCC_NO_COMMON_BLOCKS = YES;
				GCC_OPTIMIZATION_LEVEL = 0;
				GCC_PREPROCESSOR_DEFINITIONS = (
					"DEBUG=1",
					"$(inherited)",
				);
				GCC_WARN_64_TO_32_BIT_CONVERSION = YES;
				GCC_WARN_ABOUT_RETURN_TYPE = YES_ERROR;
				GCC_WARN_UNDECLARED_SELECTOR = YES;
				GCC_WARN_UNINITIALIZED_AUTOS = YES_AGGRESSIVE;
				GCC_WARN_UNUSED_FUNCTION = YES;
				GCC_WARN_UNUSED_VARIABLE = YES;
				IPHONEOS_DEPLOYMENT_TARGET = 17.4;
				LOCALIZATION_PREFERS_STRING_CATALOGS = YES;
				MTL_ENABLE_DEBUG_INFO = INCLUDE_SOURCE;
				MTL_FAST_MATH = YES;
				ONLY_ACTIVE_ARCH = YES;
				SDKROOT = iphoneos;
				SWIFT_ACTIVE_COMPILATION_CONDITIONS = "DEBUG $(inherited)";
				SWIFT_OPTIMIZATION_LEVEL = "-Onone";
			};
			name = Debug;
		};
		8BE70C952C04320200D6E18F /* Release */ = {
			isa = XCBuildConfiguration;
			buildSettings = {
				ALWAYS_SEARCH_USER_PATHS = NO;
				ASSETCATALOG_COMPILER_GENERATE_SWIFT_ASSET_SYMBOL_EXTENSIONS = YES;
				CLANG_ANALYZER_NONNULL = YES;
				CLANG_ANALYZER_NUMBER_OBJECT_CONVERSION = YES_AGGRESSIVE;
				CLANG_CXX_LANGUAGE_STANDARD = "gnu++20";
				CLANG_ENABLE_MODULES = YES;
				CLANG_ENABLE_OBJC_ARC = YES;
				CLANG_ENABLE_OBJC_WEAK = YES;
				CLANG_WARN_BLOCK_CAPTURE_AUTORELEASING = YES;
				CLANG_WARN_BOOL_CONVERSION = YES;
				CLANG_WARN_COMMA = YES;
				CLANG_WARN_CONSTANT_CONVERSION = YES;
				CLANG_WARN_DEPRECATED_OBJC_IMPLEMENTATIONS = YES;
				CLANG_WARN_DIRECT_OBJC_ISA_USAGE = YES_ERROR;
				CLANG_WARN_DOCUMENTATION_COMMENTS = YES;
				CLANG_WARN_EMPTY_BODY = YES;
				CLANG_WARN_ENUM_CONVERSION = YES;
				CLANG_WARN_INFINITE_RECURSION = YES;
				CLANG_WARN_INT_CONVERSION = YES;
				CLANG_WARN_NON_LITERAL_NULL_CONVERSION = YES;
				CLANG_WARN_OBJC_IMPLICIT_RETAIN_SELF = YES;
				CLANG_WARN_OBJC_LITERAL_CONVERSION = YES;
				CLANG_WARN_OBJC_ROOT_CLASS = YES_ERROR;
				CLANG_WARN_QUOTED_INCLUDE_IN_FRAMEWORK_HEADER = YES;
				CLANG_WARN_RANGE_LOOP_ANALYSIS = YES;
				CLANG_WARN_STRICT_PROTOTYPES = YES;
				CLANG_WARN_SUSPICIOUS_MOVE = YES;
				CLANG_WARN_UNGUARDED_AVAILABILITY = YES_AGGRESSIVE;
				CLANG_WARN_UNREACHABLE_CODE = YES;
				CLANG_WARN__DUPLICATE_METHOD_MATCH = YES;
				COPY_PHASE_STRIP = NO;
				DEBUG_INFORMATION_FORMAT = "dwarf-with-dsym";
				ENABLE_NS_ASSERTIONS = NO;
				ENABLE_STRICT_OBJC_MSGSEND = YES;
				ENABLE_USER_SCRIPT_SANDBOXING = YES;
				GCC_C_LANGUAGE_STANDARD = gnu17;
				GCC_NO_COMMON_BLOCKS = YES;
				GCC_WARN_64_TO_32_BIT_CONVERSION = YES;
				GCC_WARN_ABOUT_RETURN_TYPE = YES_ERROR;
				GCC_WARN_UNDECLARED_SELECTOR = YES;
				GCC_WARN_UNINITIALIZED_AUTOS = YES_AGGRESSIVE;
				GCC_WARN_UNUSED_FUNCTION = YES;
				GCC_WARN_UNUSED_VARIABLE = YES;
				IPHONEOS_DEPLOYMENT_TARGET = 17.4;
				LOCALIZATION_PREFERS_STRING_CATALOGS = YES;
				MTL_ENABLE_DEBUG_INFO = NO;
				MTL_FAST_MATH = YES;
				SDKROOT = iphoneos;
				SWIFT_COMPILATION_MODE = wholemodule;
				VALIDATE_PRODUCT = YES;
			};
			name = Release;
		};
		8BE70C972C04320200D6E18F /* Debug */ = {
			isa = XCBuildConfiguration;
			buildSettings = {
				ASSETCATALOG_COMPILER_APPICON_NAME = AppIcon;
				ASSETCATALOG_COMPILER_GLOBAL_ACCENT_COLOR_NAME = AccentColor;
				CODE_SIGN_STYLE = Automatic;
				CURRENT_PROJECT_VERSION = 1;
				DEVELOPMENT_ASSET_PATHS = "\"ArticleSearcher/Preview Content\"";
				DEVELOPMENT_TEAM = 7PSW8M3W4F;
				ENABLE_PREVIEWS = YES;
				GENERATE_INFOPLIST_FILE = YES;
				INFOPLIST_KEY_UIApplicationSceneManifest_Generation = YES;
				INFOPLIST_KEY_UIApplicationSupportsIndirectInputEvents = YES;
				INFOPLIST_KEY_UILaunchScreen_Generation = YES;
				INFOPLIST_KEY_UISupportedInterfaceOrientations_iPad = "UIInterfaceOrientationPortrait UIInterfaceOrientationPortraitUpsideDown UIInterfaceOrientationLandscapeLeft UIInterfaceOrientationLandscapeRight";
				INFOPLIST_KEY_UISupportedInterfaceOrientations_iPhone = "UIInterfaceOrientationPortrait UIInterfaceOrientationLandscapeLeft UIInterfaceOrientationLandscapeRight";
				LD_RUNPATH_SEARCH_PATHS = (
					"$(inherited)",
					"@executable_path/Frameworks",
				);
				MARKETING_VERSION = 1.0;
				PRODUCT_BUNDLE_IDENTIFIER = com.watanabe.ArticleSearcher;
				PRODUCT_NAME = "$(TARGET_NAME)";
				SWIFT_EMIT_LOC_STRINGS = YES;
				SWIFT_VERSION = 5.0;
				TARGETED_DEVICE_FAMILY = "1,2";
			};
			name = Debug;
		};
		8BE70C982C04320200D6E18F /* Release */ = {
			isa = XCBuildConfiguration;
			buildSettings = {
				ASSETCATALOG_COMPILER_APPICON_NAME = AppIcon;
				ASSETCATALOG_COMPILER_GLOBAL_ACCENT_COLOR_NAME = AccentColor;
				CODE_SIGN_STYLE = Automatic;
				CURRENT_PROJECT_VERSION = 1;
				DEVELOPMENT_ASSET_PATHS = "\"ArticleSearcher/Preview Content\"";
				DEVELOPMENT_TEAM = 7PSW8M3W4F;
				ENABLE_PREVIEWS = YES;
				GENERATE_INFOPLIST_FILE = YES;
				INFOPLIST_KEY_UIApplicationSceneManifest_Generation = YES;
				INFOPLIST_KEY_UIApplicationSupportsIndirectInputEvents = YES;
				INFOPLIST_KEY_UILaunchScreen_Generation = YES;
				INFOPLIST_KEY_UISupportedInterfaceOrientations_iPad = "UIInterfaceOrientationPortrait UIInterfaceOrientationPortraitUpsideDown UIInterfaceOrientationLandscapeLeft UIInterfaceOrientationLandscapeRight";
				INFOPLIST_KEY_UISupportedInterfaceOrientations_iPhone = "UIInterfaceOrientationPortrait UIInterfaceOrientationLandscapeLeft UIInterfaceOrientationLandscapeRight";
				LD_RUNPATH_SEARCH_PATHS = (
					"$(inherited)",
					"@executable_path/Frameworks",
				);
				MARKETING_VERSION = 1.0;
				PRODUCT_BUNDLE_IDENTIFIER = com.watanabe.ArticleSearcher;
				PRODUCT_NAME = "$(TARGET_NAME)";
				SWIFT_EMIT_LOC_STRINGS = YES;
				SWIFT_VERSION = 5.0;
				TARGETED_DEVICE_FAMILY = "1,2";
			};
			name = Release;
		};
		8BE70C9A2C04320200D6E18F /* Debug */ = {
			isa = XCBuildConfiguration;
			buildSettings = {
				ALWAYS_EMBED_SWIFT_STANDARD_LIBRARIES = YES;
				BUNDLE_LOADER = "$(TEST_HOST)";
				CODE_SIGN_STYLE = Automatic;
				CURRENT_PROJECT_VERSION = 1;
				DEVELOPMENT_TEAM = 7PSW8M3W4F;
				GENERATE_INFOPLIST_FILE = YES;
				IPHONEOS_DEPLOYMENT_TARGET = 17.4;
				MARKETING_VERSION = 1.0;
				PRODUCT_BUNDLE_IDENTIFIER = com.watanabe.ArticleSearcherTests;
				PRODUCT_NAME = "$(TARGET_NAME)";
				SWIFT_EMIT_LOC_STRINGS = NO;
				SWIFT_VERSION = 5.0;
				TARGETED_DEVICE_FAMILY = "1,2";
				TEST_HOST = "$(BUILT_PRODUCTS_DIR)/ArticleSearcher.app/$(BUNDLE_EXECUTABLE_FOLDER_PATH)/ArticleSearcher";
			};
			name = Debug;
		};
		8BE70C9B2C04320200D6E18F /* Release */ = {
			isa = XCBuildConfiguration;
			buildSettings = {
				ALWAYS_EMBED_SWIFT_STANDARD_LIBRARIES = YES;
				BUNDLE_LOADER = "$(TEST_HOST)";
				CODE_SIGN_STYLE = Automatic;
				CURRENT_PROJECT_VERSION = 1;
				DEVELOPMENT_TEAM = 7PSW8M3W4F;
				GENERATE_INFOPLIST_FILE = YES;
				IPHONEOS_DEPLOYMENT_TARGET = 17.4;
				MARKETING_VERSION = 1.0;
				PRODUCT_BUNDLE_IDENTIFIER = com.watanabe.ArticleSearcherTests;
				PRODUCT_NAME = "$(TARGET_NAME)";
				SWIFT_EMIT_LOC_STRINGS = NO;
				SWIFT_VERSION = 5.0;
				TARGETED_DEVICE_FAMILY = "1,2";
				TEST_HOST = "$(BUILT_PRODUCTS_DIR)/ArticleSearcher.app/$(BUNDLE_EXECUTABLE_FOLDER_PATH)/ArticleSearcher";
			};
			name = Release;
		};
		8BE70C9D2C04320200D6E18F /* Debug */ = {
			isa = XCBuildConfiguration;
			buildSettings = {
				ALWAYS_EMBED_SWIFT_STANDARD_LIBRARIES = YES;
				CODE_SIGN_STYLE = Automatic;
				CURRENT_PROJECT_VERSION = 1;
				DEVELOPMENT_TEAM = 7PSW8M3W4F;
				GENERATE_INFOPLIST_FILE = YES;
				MARKETING_VERSION = 1.0;
				PRODUCT_BUNDLE_IDENTIFIER = com.watanabe.ArticleSearcherUITests;
				PRODUCT_NAME = "$(TARGET_NAME)";
				SWIFT_EMIT_LOC_STRINGS = NO;
				SWIFT_VERSION = 5.0;
				TARGETED_DEVICE_FAMILY = "1,2";
				TEST_TARGET_NAME = ArticleSearcher;
			};
			name = Debug;
		};
		8BE70C9E2C04320200D6E18F /* Release */ = {
			isa = XCBuildConfiguration;
			buildSettings = {
				ALWAYS_EMBED_SWIFT_STANDARD_LIBRARIES = YES;
				CODE_SIGN_STYLE = Automatic;
				CURRENT_PROJECT_VERSION = 1;
				DEVELOPMENT_TEAM = 7PSW8M3W4F;
				GENERATE_INFOPLIST_FILE = YES;
				MARKETING_VERSION = 1.0;
				PRODUCT_BUNDLE_IDENTIFIER = com.watanabe.ArticleSearcherUITests;
				PRODUCT_NAME = "$(TARGET_NAME)";
				SWIFT_EMIT_LOC_STRINGS = NO;
				SWIFT_VERSION = 5.0;
				TARGETED_DEVICE_FAMILY = "1,2";
				TEST_TARGET_NAME = ArticleSearcher;
			};
			name = Release;
		};
/* End XCBuildConfiguration section */

/* Begin XCConfigurationList section */
		8BE70C6D2C04320000D6E18F /* Build configuration list for PBXProject "ArticleSearcher" */ = {
			isa = XCConfigurationList;
			buildConfigurations = (
				8BE70C942C04320200D6E18F /* Debug */,
				8BE70C952C04320200D6E18F /* Release */,
			);
			defaultConfigurationIsVisible = 0;
			defaultConfigurationName = Release;
		};
		8BE70C962C04320200D6E18F /* Build configuration list for PBXNativeTarget "ArticleSearcher" */ = {
			isa = XCConfigurationList;
			buildConfigurations = (
				8BE70C972C04320200D6E18F /* Debug */,
				8BE70C982C04320200D6E18F /* Release */,
			);
			defaultConfigurationIsVisible = 0;
			defaultConfigurationName = Release;
		};
		8BE70C992C04320200D6E18F /* Build configuration list for PBXNativeTarget "ArticleSearcherTests" */ = {
			isa = XCConfigurationList;
			buildConfigurations = (
				8BE70C9A2C04320200D6E18F /* Debug */,
				8BE70C9B2C04320200D6E18F /* Release */,
			);
			defaultConfigurationIsVisible = 0;
			defaultConfigurationName = Release;
		};
		8BE70C9C2C04320200D6E18F /* Build configuration list for PBXNativeTarget "ArticleSearcherUITests" */ = {
			isa = XCConfigurationList;
			buildConfigurations = (
				8BE70C9D2C04320200D6E18F /* Debug */,
				8BE70C9E2C04320200D6E18F /* Release */,
			);
			defaultConfigurationIsVisible = 0;
			defaultConfigurationName = Release;
		};
/* End XCConfigurationList section */
	};
	rootObject = 8BE70C6A2C04320000D6E18F /* Project object */;
}
